
Microsoft Visual Studio Solution File, Format Version 12.00
# Visual Studio 15
VisualStudioVersion = 15.0.28010.2003
MinimumVisualStudioVersion = 10.0.40219.1
Project("{FAE04EC0-301F-11D3-BF4B-00C04F79EFBC}") = "CodeScripter", "CodeScripter\CodeScripter.csproj", "{4559CF0D-0DA8-4C0C-A8E7-B04A25A6EC48}"
EndProject
Global
	GlobalSection(SolutionConfigurationPlatforms) = preSolution
		Debug|Any CPU = Debug|Any CPU
		Release|Any CPU = Release|Any CPU
	EndGlobalSection
	GlobalSection(ProjectConfigurationPlatforms) = postSolution
		{4559CF0D-0DA8-4C0C-A8E7-B04A25A6EC48}.Debug|Any CPU.ActiveCfg = Debug|Any CPU
		{4559CF0D-0DA8-4C0C-A8E7-B04A25A6EC48}.Debug|Any CPU.Build.0 = Debug|Any CPU
		{4559CF0D-0DA8-4C0C-A8E7-B04A25A6EC48}.Release|Any CPU.ActiveCfg = Release|Any CPU
		{4559CF0D-0DA8-4C0C-A8E7-B04A25A6EC48}.Release|Any CPU.Build.0 = Release|Any CPU
	EndGlobalSection
	GlobalSection(SolutionProperties) = preSolution
		HideSolutionNode = FALSE
	EndGlobalSection
	GlobalSection(ExtensibilityGlobals) = postSolution
		SolutionGuid = {F0FE35E2-82EB-4FF0-922F-702C61DC42FD}
	EndGlobalSection
EndGlobal
